
Microsoft Visual Studio Solution File, Format Version 12.00
# Visual Studio 15
VisualStudioVersion = 15.0.28307.645
MinimumVisualStudioVersion = 10.0.40219.1
Project("{FAE04EC0-301F-11D3-BF4B-00C04F79EFBC}") = "TekService.Android", "TekService\TekService.Android\TekService.Android.csproj", "{258B50C0-D40F-4B72-A778-0DC34C1F35B2}"
	ProjectSection(ProjectDependencies) = postProject
		{D02A7C4C-B3E9-42F1-B0EC-2B662A50FA83} = {D02A7C4C-B3E9-42F1-B0EC-2B662A50FA83}
		{D49698D4-BFBF-46D2-B2F3-575E222843F0} = {D49698D4-BFBF-46D2-B2F3-575E222843F0}
	EndProjectSection
EndProject
Project("{FAE04EC0-301F-11D3-BF4B-00C04F79EFBC}") = "TekService.iOS", "TekService\TekService.iOS\TekService.iOS.csproj", "{D49698D4-BFBF-46D2-B2F3-575E222843F0}"
EndProject
Project("{FAE04EC0-301F-11D3-BF4B-00C04F79EFBC}") = "TekService.UWP", "TekService\TekService.UWP\TekService.UWP.csproj", "{D02A7C4C-B3E9-42F1-B0EC-2B662A50FA83}"
EndProject
Project("{9A19103F-16F7-4668-BE54-9A1E7A4F7556}") = "TekService", "TekService\TekService\TekService.csproj", "{42090131-A41A-44F2-B433-446CF0631450}"
EndProject
Global
	GlobalSection(SolutionConfigurationPlatforms) = preSolution
		Ad-Hoc|Any CPU = Ad-Hoc|Any CPU
		Ad-Hoc|ARM = Ad-Hoc|ARM
		Ad-Hoc|iPhone = Ad-Hoc|iPhone
		Ad-Hoc|iPhoneSimulator = Ad-Hoc|iPhoneSimulator
		Ad-Hoc|x64 = Ad-Hoc|x64
		Ad-Hoc|x86 = Ad-Hoc|x86
		AppStore|Any CPU = AppStore|Any CPU
		AppStore|ARM = AppStore|ARM
		AppStore|iPhone = AppStore|iPhone
		AppStore|iPhoneSimulator = AppStore|iPhoneSimulator
		AppStore|x64 = AppStore|x64
		AppStore|x86 = AppStore|x86
		Debug|Any CPU = Debug|Any CPU
		Debug|ARM = Debug|ARM
		Debug|iPhone = Debug|iPhone
		Debug|iPhoneSimulator = Debug|iPhoneSimulator
		Debug|x64 = Debug|x64
		Debug|x86 = Debug|x86
		Release|Any CPU = Release|Any CPU
		Release|ARM = Release|ARM
		Release|iPhone = Release|iPhone
		Release|iPhoneSimulator = Release|iPhoneSimulator
		Release|x64 = Release|x64
		Release|x86 = Release|x86
	EndGlobalSection
	GlobalSection(ProjectConfigurationPlatforms) = postSolution
		{258B50C0-D40F-4B72-A778-0DC34C1F35B2}.Ad-Hoc|Any CPU.ActiveCfg = Release|Any CPU
		{258B50C0-D40F-4B72-A778-0DC34C1F35B2}.Ad-Hoc|Any CPU.Build.0 = Release|Any CPU
		{258B50C0-D40F-4B72-A778-0DC34C1F35B2}.Ad-Hoc|Any CPU.Deploy.0 = Release|Any CPU
		{258B50C0-D40F-4B72-A778-0DC34C1F35B2}.Ad-Hoc|ARM.ActiveCfg = Release|Any CPU
		{258B50C0-D40F-4B72-A778-0DC34C1F35B2}.Ad-Hoc|ARM.Build.0 = Release|Any CPU
		{258B50C0-D40F-4B72-A778-0DC34C1F35B2}.Ad-Hoc|ARM.Deploy.0 = Release|Any CPU
		{258B50C0-D40F-4B72-A778-0DC34C1F35B2}.Ad-Hoc|iPhone.ActiveCfg = Release|Any CPU
		{258B50C0-D40F-4B72-A778-0DC34C1F35B2}.Ad-Hoc|iPhone.Build.0 = Release|Any CPU
		{258B50C0-D40F-4B72-A778-0DC34C1F35B2}.Ad-Hoc|iPhone.Deploy.0 = Release|Any CPU
		{258B50C0-D40F-4B72-A778-0DC34C1F35B2}.Ad-Hoc|iPhoneSimulator.ActiveCfg = Release|Any CPU
		{258B50C0-D40F-4B72-A778-0DC34C1F35B2}.Ad-Hoc|iPhoneSimulator.Build.0 = Release|Any CPU
		{258B50C0-D40F-4B72-A778-0DC34C1F35B2}.Ad-Hoc|iPhoneSimulator.Deploy.0 = Release|Any CPU
		{258B50C0-D40F-4B72-A778-0DC34C1F35B2}.Ad-Hoc|x64.ActiveCfg = Release|Any CPU
		{258B50C0-D40F-4B72-A778-0DC34C1F35B2}.Ad-Hoc|x64.Build.0 = Release|Any CPU
		{258B50C0-D40F-4B72-A778-0DC34C1F35B2}.Ad-Hoc|x64.Deploy.0 = Release|Any CPU
		{258B50C0-D40F-4B72-A778-0DC34C1F35B2}.Ad-Hoc|x86.ActiveCfg = Release|Any CPU
		{258B50C0-D40F-4B72-A778-0DC34C1F35B2}.Ad-Hoc|x86.Build.0 = Release|Any CPU
		{258B50C0-D40F-4B72-A778-0DC34C1F35B2}.Ad-Hoc|x86.Deploy.0 = Release|Any CPU
		{258B50C0-D40F-4B72-A778-0DC34C1F35B2}.AppStore|Any CPU.ActiveCfg = Release|Any CPU
		{258B50C0-D40F-4B72-A778-0DC34C1F35B2}.AppStore|Any CPU.Build.0 = Release|Any CPU
		{258B50C0-D40F-4B72-A778-0DC34C1F35B2}.AppStore|Any CPU.Deploy.0 = Release|Any CPU
		{258B50C0-D40F-4B72-A778-0DC34C1F35B2}.AppStore|ARM.ActiveCfg = Release|Any CPU
		{258B50C0-D40F-4B72-A778-0DC34C1F35B2}.AppStore|ARM.Build.0 = Release|Any CPU
		{258B50C0-D40F-4B72-A778-0DC34C1F35B2}.AppStore|ARM.Deploy.0 = Release|Any CPU
		{258B50C0-D40F-4B72-A778-0DC34C1F35B2}.AppStore|iPhone.ActiveCfg = Release|Any CPU
		{258B50C0-D40F-4B72-A778-0DC34C1F35B2}.AppStore|iPhone.Build.0 = Release|Any CPU
		{258B50C0-D40F-4B72-A778-0DC34C1F35B2}.AppStore|iPhone.Deploy.0 = Release|Any CPU
		{258B50C0-D40F-4B72-A778-0DC34C1F35B2}.AppStore|iPhoneSimulator.ActiveCfg = Release|Any CPU
		{258B50C0-D40F-4B72-A778-0DC34C1F35B2}.AppStore|iPhoneSimulator.Build.0 = Release|Any CPU
		{258B50C0-D40F-4B72-A778-0DC34C1F35B2}.AppStore|iPhoneSimulator.Deploy.0 = Release|Any CPU
		{258B50C0-D40F-4B72-A778-0DC34C1F35B2}.AppStore|x64.ActiveCfg = Release|Any CPU
		{258B50C0-D40F-4B72-A778-0DC34C1F35B2}.AppStore|x64.Build.0 = Release|Any CPU
		{258B50C0-D40F-4B72-A778-0DC34C1F35B2}.AppStore|x64.Deploy.0 = Release|Any CPU
		{258B50C0-D40F-4B72-A778-0DC34C1F35B2}.AppStore|x86.ActiveCfg = Release|Any CPU
		{258B50C0-D40F-4B72-A778-0DC34C1F35B2}.AppStore|x86.Build.0 = Release|Any CPU
		{258B50C0-D40F-4B72-A778-0DC34C1F35B2}.AppStore|x86.Deploy.0 = Release|Any CPU
		{258B50C0-D40F-4B72-A778-0DC34C1F35B2}.Debug|Any CPU.ActiveCfg = Debug|Any CPU
		{258B50C0-D40F-4B72-A778-0DC34C1F35B2}.Debug|Any CPU.Build.0 = Debug|Any CPU
		{258B50C0-D40F-4B72-A778-0DC34C1F35B2}.Debug|Any CPU.Deploy.0 = Debug|Any CPU
		{258B50C0-D40F-4B72-A778-0DC34C1F35B2}.Debug|ARM.ActiveCfg = Debug|Any CPU
		{258B50C0-D40F-4B72-A778-0DC34C1F35B2}.Debug|ARM.Build.0 = Debug|Any CPU
		{258B50C0-D40F-4B72-A778-0DC34C1F35B2}.Debug|ARM.Deploy.0 = Debug|Any CPU
		{258B50C0-D40F-4B72-A778-0DC34C1F35B2}.Debug|iPhone.ActiveCfg = Debug|Any CPU
		{258B50C0-D40F-4B72-A778-0DC34C1F35B2}.Debug|iPhone.Build.0 = Debug|Any CPU
		{258B50C0-D40F-4B72-A778-0DC34C1F35B2}.Debug|iPhone.Deploy.0 = Debug|Any CPU
		{258B50C0-D40F-4B72-A778-0DC34C1F35B2}.Debug|iPhoneSimulator.ActiveCfg = Debug|Any CPU
		{258B50C0-D40F-4B72-A778-0DC34C1F35B2}.Debug|iPhoneSimulator.Build.0 = Debug|Any CPU
		{258B50C0-D40F-4B72-A778-0DC34C1F35B2}.Debug|iPhoneSimulator.Deploy.0 = Debug|Any CPU
		{258B50C0-D40F-4B72-A778-0DC34C1F35B2}.Debug|x64.ActiveCfg = Debug|Any CPU
		{258B50C0-D40F-4B72-A778-0DC34C1F35B2}.Debug|x64.Build.0 = Debug|Any CPU
		{258B50C0-D40F-4B72-A778-0DC34C1F35B2}.Debug|x64.Deploy.0 = Debug|Any CPU
		{258B50C0-D40F-4B72-A778-0DC34C1F35B2}.Debug|x86.ActiveCfg = Debug|Any CPU
		{258B50C0-D40F-4B72-A778-0DC34C1F35B2}.Debug|x86.Build.0 = Debug|Any CPU
		{258B50C0-D40F-4B72-A778-0DC34C1F35B2}.Debug|x86.Deploy.0 = Debug|Any CPU
		{258B50C0-D40F-4B72-A778-0DC34C1F35B2}.Release|Any CPU.ActiveCfg = Release|Any CPU
		{258B50C0-D40F-4B72-A778-0DC34C1F35B2}.Release|Any CPU.Build.0 = Release|Any CPU
		{258B50C0-D40F-4B72-A778-0DC34C1F35B2}.Release|Any CPU.Deploy.0 = Release|Any CPU
		{258B50C0-D40F-4B72-A778-0DC34C1F35B2}.Release|ARM.ActiveCfg = Release|Any CPU
		{258B50C0-D40F-4B72-A778-0DC34C1F35B2}.Release|ARM.Build.0 = Release|Any CPU
		{258B50C0-D40F-4B72-A778-0DC34C1F35B2}.Release|ARM.Deploy.0 = Release|Any CPU
		{258B50C0-D40F-4B72-A778-0DC34C1F35B2}.Release|iPhone.ActiveCfg = Release|Any CPU
		{258B50C0-D40F-4B72-A778-0DC34C1F35B2}.Release|iPhone.Build.0 = Release|Any CPU
		{258B50C0-D40F-4B72-A778-0DC34C1F35B2}.Release|iPhone.Deploy.0 = Release|Any CPU
		{258B50C0-D40F-4B72-A778-0DC34C1F35B2}.Release|iPhoneSimulator.ActiveCfg = Release|Any CPU
		{258B50C0-D40F-4B72-A778-0DC34C1F35B2}.Release|iPhoneSimulator.Build.0 = Release|Any CPU
		{258B50C0-D40F-4B72-A778-0DC34C1F35B2}.Release|iPhoneSimulator.Deploy.0 = Release|Any CPU
		{258B50C0-D40F-4B72-A778-0DC34C1F35B2}.Release|x64.ActiveCfg = Release|Any CPU
		{258B50C0-D40F-4B72-A778-0DC34C1F35B2}.Release|x64.Build.0 = Release|Any CPU
		{258B50C0-D40F-4B72-A778-0DC34C1F35B2}.Release|x64.Deploy.0 = Release|Any CPU
		{258B50C0-D40F-4B72-A778-0DC34C1F35B2}.Release|x86.ActiveCfg = Release|Any CPU
		{258B50C0-D40F-4B72-A778-0DC34C1F35B2}.Release|x86.Build.0 = Release|Any CPU
		{258B50C0-D40F-4B72-A778-0DC34C1F35B2}.Release|x86.Deploy.0 = Release|Any CPU
		{D49698D4-BFBF-46D2-B2F3-575E222843F0}.Ad-Hoc|Any CPU.ActiveCfg = Ad-Hoc|iPhone
		{D49698D4-BFBF-46D2-B2F3-575E222843F0}.Ad-Hoc|Any CPU.Build.0 = Ad-Hoc|iPhone
		{D49698D4-BFBF-46D2-B2F3-575E222843F0}.Ad-Hoc|Any CPU.Deploy.0 = Ad-Hoc|iPhone
		{D49698D4-BFBF-46D2-B2F3-575E222843F0}.Ad-Hoc|ARM.ActiveCfg = Ad-Hoc|iPhone
		{D49698D4-BFBF-46D2-B2F3-575E222843F0}.Ad-Hoc|ARM.Build.0 = Ad-Hoc|iPhone
		{D49698D4-BFBF-46D2-B2F3-575E222843F0}.Ad-Hoc|ARM.Deploy.0 = Ad-Hoc|iPhone
		{D49698D4-BFBF-46D2-B2F3-575E222843F0}.Ad-Hoc|iPhone.ActiveCfg = Ad-Hoc|iPhone
		{D49698D4-BFBF-46D2-B2F3-575E222843F0}.Ad-Hoc|iPhone.Build.0 = Ad-Hoc|iPhone
		{D49698D4-BFBF-46D2-B2F3-575E222843F0}.Ad-Hoc|iPhone.Deploy.0 = Ad-Hoc|iPhone
		{D49698D4-BFBF-46D2-B2F3-575E222843F0}.Ad-Hoc|iPhoneSimulator.ActiveCfg = Ad-Hoc|iPhoneSimulator
		{D49698D4-BFBF-46D2-B2F3-575E222843F0}.Ad-Hoc|iPhoneSimulator.Build.0 = Ad-Hoc|iPhoneSimulator
		{D49698D4-BFBF-46D2-B2F3-575E222843F0}.Ad-Hoc|iPhoneSimulator.Deploy.0 = Ad-Hoc|iPhoneSimulator
		{D49698D4-BFBF-46D2-B2F3-575E222843F0}.Ad-Hoc|x64.ActiveCfg = Ad-Hoc|iPhone
		{D49698D4-BFBF-46D2-B2F3-575E222843F0}.Ad-Hoc|x64.Build.0 = Ad-Hoc|iPhone
		{D49698D4-BFBF-46D2-B2F3-575E222843F0}.Ad-Hoc|x64.Deploy.0 = Ad-Hoc|iPhone
		{D49698D4-BFBF-46D2-B2F3-575E222843F0}.Ad-Hoc|x86.ActiveCfg = Ad-Hoc|iPhone
		{D49698D4-BFBF-46D2-B2F3-575E222843F0}.Ad-Hoc|x86.Build.0 = Ad-Hoc|iPhone
		{D49698D4-BFBF-46D2-B2F3-575E222843F0}.Ad-Hoc|x86.Deploy.0 = Ad-Hoc|iPhone
		{D49698D4-BFBF-46D2-B2F3-575E222843F0}.AppStore|Any CPU.ActiveCfg = AppStore|iPhone
		{D49698D4-BFBF-46D2-B2F3-575E222843F0}.AppStore|Any CPU.Build.0 = AppStore|iPhone
		{D49698D4-BFBF-46D2-B2F3-575E222843F0}.AppStore|Any CPU.Deploy.0 = AppStore|iPhone
		{D49698D4-BFBF-46D2-B2F3-575E222843F0}.AppStore|ARM.ActiveCfg = AppStore|iPhone
		{D49698D4-BFBF-46D2-B2F3-575E222843F0}.AppStore|ARM.Build.0 = AppStore|iPhone
		{D49698D4-BFBF-46D2-B2F3-575E222843F0}.AppStore|ARM.Deploy.0 = AppStore|iPhone
		{D49698D4-BFBF-46D2-B2F3-575E222843F0}.AppStore|iPhone.ActiveCfg = AppStore|iPhone
		{D49698D4-BFBF-46D2-B2F3-575E222843F0}.AppStore|iPhone.Build.0 = AppStore|iPhone
		{D49698D4-BFBF-46D2-B2F3-575E222843F0}.AppStore|iPhone.Deploy.0 = AppStore|iPhone
		{D49698D4-BFBF-46D2-B2F3-575E222843F0}.AppStore|iPhoneSimulator.ActiveCfg = AppStore|iPhoneSimulator
		{D49698D4-BFBF-46D2-B2F3-575E222843F0}.AppStore|iPhoneSimulator.Build.0 = AppStore|iPhoneSimulator
		{D49698D4-BFBF-46D2-B2F3-575E222843F0}.AppStore|iPhoneSimulator.Deploy.0 = AppStore|iPhoneSimulator
		{D49698D4-BFBF-46D2-B2F3-575E222843F0}.AppStore|x64.ActiveCfg = AppStore|iPhone
		{D49698D4-BFBF-46D2-B2F3-575E222843F0}.AppStore|x64.Build.0 = AppStore|iPhone
		{D49698D4-BFBF-46D2-B2F3-575E222843F0}.AppStore|x64.Deploy.0 = AppStore|iPhone
		{D49698D4-BFBF-46D2-B2F3-575E222843F0}.AppStore|x86.ActiveCfg = AppStore|iPhone
		{D49698D4-BFBF-46D2-B2F3-575E222843F0}.AppStore|x86.Build.0 = AppStore|iPhone
		{D49698D4-BFBF-46D2-B2F3-575E222843F0}.AppStore|x86.Deploy.0 = AppStore|iPhone
		{D49698D4-BFBF-46D2-B2F3-575E222843F0}.Debug|Any CPU.ActiveCfg = Debug|iPhoneSimulator
		{D49698D4-BFBF-46D2-B2F3-575E222843F0}.Debug|Any CPU.Build.0 = Debug|iPhoneSimulator
		{D49698D4-BFBF-46D2-B2F3-575E222843F0}.Debug|Any CPU.Deploy.0 = Debug|iPhoneSimulator
		{D49698D4-BFBF-46D2-B2F3-575E222843F0}.Debug|ARM.ActiveCfg = Debug|iPhone
		{D49698D4-BFBF-46D2-B2F3-575E222843F0}.Debug|ARM.Build.0 = Debug|iPhone
		{D49698D4-BFBF-46D2-B2F3-575E222843F0}.Debug|ARM.Deploy.0 = Debug|iPhone
		{D49698D4-BFBF-46D2-B2F3-575E222843F0}.Debug|iPhone.ActiveCfg = Debug|iPhone
		{D49698D4-BFBF-46D2-B2F3-575E222843F0}.Debug|iPhone.Build.0 = Debug|iPhone
		{D49698D4-BFBF-46D2-B2F3-575E222843F0}.Debug|iPhone.Deploy.0 = Debug|iPhone
		{D49698D4-BFBF-46D2-B2F3-575E222843F0}.Debug|iPhoneSimulator.ActiveCfg = Debug|iPhoneSimulator
		{D49698D4-BFBF-46D2-B2F3-575E222843F0}.Debug|iPhoneSimulator.Build.0 = Debug|iPhoneSimulator
		{D49698D4-BFBF-46D2-B2F3-575E222843F0}.Debug|iPhoneSimulator.Deploy.0 = Debug|iPhoneSimulator
		{D49698D4-BFBF-46D2-B2F3-575E222843F0}.Debug|x64.ActiveCfg = Debug|iPhone
		{D49698D4-BFBF-46D2-B2F3-575E222843F0}.Debug|x64.Build.0 = Debug|iPhone
		{D49698D4-BFBF-46D2-B2F3-575E222843F0}.Debug|x64.Deploy.0 = Debug|iPhone
		{D49698D4-BFBF-46D2-B2F3-575E222843F0}.Debug|x86.ActiveCfg = Debug|iPhone
		{D49698D4-BFBF-46D2-B2F3-575E222843F0}.Debug|x86.Build.0 = Debug|iPhone
		{D49698D4-BFBF-46D2-B2F3-575E222843F0}.Debug|x86.Deploy.0 = Debug|iPhone
		{D49698D4-BFBF-46D2-B2F3-575E222843F0}.Release|Any CPU.ActiveCfg = Release|iPhone
		{D49698D4-BFBF-46D2-B2F3-575E222843F0}.Release|Any CPU.Build.0 = Release|iPhone
		{D49698D4-BFBF-46D2-B2F3-575E222843F0}.Release|Any CPU.Deploy.0 = Release|iPhone
		{D49698D4-BFBF-46D2-B2F3-575E222843F0}.Release|ARM.ActiveCfg = Release|iPhone
		{D49698D4-BFBF-46D2-B2F3-575E222843F0}.Release|ARM.Build.0 = Release|iPhone
		{D49698D4-BFBF-46D2-B2F3-575E222843F0}.Release|ARM.Deploy.0 = Release|iPhone
		{D49698D4-BFBF-46D2-B2F3-575E222843F0}.Release|iPhone.ActiveCfg = Release|iPhone
		{D49698D4-BFBF-46D2-B2F3-575E222843F0}.Release|iPhone.Build.0 = Release|iPhone
		{D49698D4-BFBF-46D2-B2F3-575E222843F0}.Release|iPhone.Deploy.0 = Release|iPhone
		{D49698D4-BFBF-46D2-B2F3-575E222843F0}.Release|iPhoneSimulator.ActiveCfg = Release|iPhoneSimulator
		{D49698D4-BFBF-46D2-B2F3-575E222843F0}.Release|iPhoneSimulator.Build.0 = Release|iPhoneSimulator
		{D49698D4-BFBF-46D2-B2F3-575E222843F0}.Release|iPhoneSimulator.Deploy.0 = Release|iPhoneSimulator
		{D49698D4-BFBF-46D2-B2F3-575E222843F0}.Release|x64.ActiveCfg = Release|iPhone
		{D49698D4-BFBF-46D2-B2F3-575E222843F0}.Release|x64.Build.0 = Release|iPhone
		{D49698D4-BFBF-46D2-B2F3-575E222843F0}.Release|x64.Deploy.0 = Release|iPhone
		{D49698D4-BFBF-46D2-B2F3-575E222843F0}.Release|x86.ActiveCfg = Release|iPhone
		{D49698D4-BFBF-46D2-B2F3-575E222843F0}.Release|x86.Build.0 = Release|iPhone
		{D49698D4-BFBF-46D2-B2F3-575E222843F0}.Release|x86.Deploy.0 = Release|iPhone
		{D02A7C4C-B3E9-42F1-B0EC-2B662A50FA83}.Ad-Hoc|Any CPU.ActiveCfg = Release|x86
		{D02A7C4C-B3E9-42F1-B0EC-2B662A50FA83}.Ad-Hoc|Any CPU.Build.0 = Release|x86
		{D02A7C4C-B3E9-42F1-B0EC-2B662A50FA83}.Ad-Hoc|Any CPU.Deploy.0 = Release|x86
		{D02A7C4C-B3E9-42F1-B0EC-2B662A50FA83}.Ad-Hoc|ARM.ActiveCfg = Release|ARM
		{D02A7C4C-B3E9-42F1-B0EC-2B662A50FA83}.Ad-Hoc|ARM.Build.0 = Release|ARM
		{D02A7C4C-B3E9-42F1-B0EC-2B662A50FA83}.Ad-Hoc|ARM.Deploy.0 = Release|ARM
		{D02A7C4C-B3E9-42F1-B0EC-2B662A50FA83}.Ad-Hoc|iPhone.ActiveCfg = Release|x86
		{D02A7C4C-B3E9-42F1-B0EC-2B662A50FA83}.Ad-Hoc|iPhone.Build.0 = Release|x86
		{D02A7C4C-B3E9-42F1-B0EC-2B662A50FA83}.Ad-Hoc|iPhone.Deploy.0 = Release|x86
		{D02A7C4C-B3E9-42F1-B0EC-2B662A50FA83}.Ad-Hoc|iPhoneSimulator.ActiveCfg = Release|x86
		{D02A7C4C-B3E9-42F1-B0EC-2B662A50FA83}.Ad-Hoc|iPhoneSimulator.Build.0 = Release|x86
		{D02A7C4C-B3E9-42F1-B0EC-2B662A50FA83}.Ad-Hoc|iPhoneSimulator.Deploy.0 = Release|x86
		{D02A7C4C-B3E9-42F1-B0EC-2B662A50FA83}.Ad-Hoc|x64.ActiveCfg = Release|x64
		{D02A7C4C-B3E9-42F1-B0EC-2B662A50FA83}.Ad-Hoc|x64.Build.0 = Release|x64
		{D02A7C4C-B3E9-42F1-B0EC-2B662A50FA83}.Ad-Hoc|x64.Deploy.0 = Release|x64
		{D02A7C4C-B3E9-42F1-B0EC-2B662A50FA83}.Ad-Hoc|x86.ActiveCfg = Release|x86
		{D02A7C4C-B3E9-42F1-B0EC-2B662A50FA83}.Ad-Hoc|x86.Build.0 = Release|x86
		{D02A7C4C-B3E9-42F1-B0EC-2B662A50FA83}.Ad-Hoc|x86.Deploy.0 = Release|x86
		{D02A7C4C-B3E9-42F1-B0EC-2B662A50FA83}.AppStore|Any CPU.ActiveCfg = Release|x86
		{D02A7C4C-B3E9-42F1-B0EC-2B662A50FA83}.AppStore|Any CPU.Build.0 = Release|x86
		{D02A7C4C-B3E9-42F1-B0EC-2B662A50FA83}.AppStore|Any CPU.Deploy.0 = Release|x86
		{D02A7C4C-B3E9-42F1-B0EC-2B662A50FA83}.AppStore|ARM.ActiveCfg = Release|ARM
		{D02A7C4C-B3E9-42F1-B0EC-2B662A50FA83}.AppStore|ARM.Build.0 = Release|ARM
		{D02A7C4C-B3E9-42F1-B0EC-2B662A50FA83}.AppStore|ARM.Deploy.0 = Release|ARM
		{D02A7C4C-B3E9-42F1-B0EC-2B662A50FA83}.AppStore|iPhone.ActiveCfg = Release|x86
		{D02A7C4C-B3E9-42F1-B0EC-2B662A50FA83}.AppStore|iPhone.Build.0 = Release|x86
		{D02A7C4C-B3E9-42F1-B0EC-2B662A50FA83}.AppStore|iPhone.Deploy.0 = Release|x86
		{D02A7C4C-B3E9-42F1-B0EC-2B662A50FA83}.AppStore|iPhoneSimulator.ActiveCfg = Release|x86
		{D02A7C4C-B3E9-42F1-B0EC-2B662A50FA83}.AppStore|iPhoneSimulator.Build.0 = Release|x86
		{D02A7C4C-B3E9-42F1-B0EC-2B662A50FA83}.AppStore|iPhoneSimulator.Deploy.0 = Release|x86
		{D02A7C4C-B3E9-42F1-B0EC-2B662A50FA83}.AppStore|x64.ActiveCfg = Release|x64
		{D02A7C4C-B3E9-42F1-B0EC-2B662A50FA83}.AppStore|x64.Build.0 = Release|x64
		{D02A7C4C-B3E9-42F1-B0EC-2B662A50FA83}.AppStore|x64.Deploy.0 = Release|x64
		{D02A7C4C-B3E9-42F1-B0EC-2B662A50FA83}.AppStore|x86.ActiveCfg = Release|x86
		{D02A7C4C-B3E9-42F1-B0EC-2B662A50FA83}.AppStore|x86.Build.0 = Release|x86
		{D02A7C4C-B3E9-42F1-B0EC-2B662A50FA83}.AppStore|x86.Deploy.0 = Release|x86
		{D02A7C4C-B3E9-42F1-B0EC-2B662A50FA83}.Debug|Any CPU.ActiveCfg = Debug|x86
		{D02A7C4C-B3E9-42F1-B0EC-2B662A50FA83}.Debug|Any CPU.Build.0 = Debug|x86
		{D02A7C4C-B3E9-42F1-B0EC-2B662A50FA83}.Debug|Any CPU.Deploy.0 = Debug|x86
		{D02A7C4C-B3E9-42F1-B0EC-2B662A50FA83}.Debug|ARM.ActiveCfg = Debug|ARM
		{D02A7C4C-B3E9-42F1-B0EC-2B662A50FA83}.Debug|ARM.Build.0 = Debug|ARM
		{D02A7C4C-B3E9-42F1-B0EC-2B662A50FA83}.Debug|ARM.Deploy.0 = Debug|ARM
		{D02A7C4C-B3E9-42F1-B0EC-2B662A50FA83}.Debug|iPhone.ActiveCfg = Debug|x86
		{D02A7C4C-B3E9-42F1-B0EC-2B662A50FA83}.Debug|iPhone.Build.0 = Debug|x86
		{D02A7C4C-B3E9-42F1-B0EC-2B662A50FA83}.Debug|iPhone.Deploy.0 = Debug|x86
		{D02A7C4C-B3E9-42F1-B0EC-2B662A50FA83}.Debug|iPhoneSimulator.ActiveCfg = Debug|x86
		{D02A7C4C-B3E9-42F1-B0EC-2B662A50FA83}.Debug|iPhoneSimulator.Build.0 = Debug|x86
		{D02A7C4C-B3E9-42F1-B0EC-2B662A50FA83}.Debug|iPhoneSimulator.Deploy.0 = Debug|x86
		{D02A7C4C-B3E9-42F1-B0EC-2B662A50FA83}.Debug|x64.ActiveCfg = Debug|x64
		{D02A7C4C-B3E9-42F1-B0EC-2B662A50FA83}.Debug|x64.Build.0 = Debug|x64
		{D02A7C4C-B3E9-42F1-B0EC-2B662A50FA83}.Debug|x64.Deploy.0 = Debug|x64
		{D02A7C4C-B3E9-42F1-B0EC-2B662A50FA83}.Debug|x86.ActiveCfg = Debug|x86
		{D02A7C4C-B3E9-42F1-B0EC-2B662A50FA83}.Debug|x86.Build.0 = Debug|x86
		{D02A7C4C-B3E9-42F1-B0EC-2B662A50FA83}.Debug|x86.Deploy.0 = Debug|x86
		{D02A7C4C-B3E9-42F1-B0EC-2B662A50FA83}.Release|Any CPU.ActiveCfg = Release|x86
		{D02A7C4C-B3E9-42F1-B0EC-2B662A50FA83}.Release|Any CPU.Build.0 = Release|x86
		{D02A7C4C-B3E9-42F1-B0EC-2B662A50FA83}.Release|Any CPU.Deploy.0 = Release|x86
		{D02A7C4C-B3E9-42F1-B0EC-2B662A50FA83}.Release|ARM.ActiveCfg = Release|ARM
		{D02A7C4C-B3E9-42F1-B0EC-2B662A50FA83}.Release|ARM.Build.0 = Release|ARM
		{D02A7C4C-B3E9-42F1-B0EC-2B662A50FA83}.Release|ARM.Deploy.0 = Release|ARM
		{D02A7C4C-B3E9-42F1-B0EC-2B662A50FA83}.Release|iPhone.ActiveCfg = Release|x86
		{D02A7C4C-B3E9-42F1-B0EC-2B662A50FA83}.Release|iPhone.Build.0 = Release|x86
		{D02A7C4C-B3E9-42F1-B0EC-2B662A50FA83}.Release|iPhone.Deploy.0 = Release|x86
		{D02A7C4C-B3E9-42F1-B0EC-2B662A50FA83}.Release|iPhoneSimulator.ActiveCfg = Release|x86
		{D02A7C4C-B3E9-42F1-B0EC-2B662A50FA83}.Release|iPhoneSimulator.Build.0 = Release|x86
		{D02A7C4C-B3E9-42F1-B0EC-2B662A50FA83}.Release|iPhoneSimulator.Deploy.0 = Release|x86
		{D02A7C4C-B3E9-42F1-B0EC-2B662A50FA83}.Release|x64.ActiveCfg = Release|x64
		{D02A7C4C-B3E9-42F1-B0EC-2B662A50FA83}.Release|x64.Build.0 = Release|x64
		{D02A7C4C-B3E9-42F1-B0EC-2B662A50FA83}.Release|x64.Deploy.0 = Release|x64
		{D02A7C4C-B3E9-42F1-B0EC-2B662A50FA83}.Release|x86.ActiveCfg = Release|x86
		{D02A7C4C-B3E9-42F1-B0EC-2B662A50FA83}.Release|x86.Build.0 = Release|x86
		{D02A7C4C-B3E9-42F1-B0EC-2B662A50FA83}.Release|x86.Deploy.0 = Release|x86
		{42090131-A41A-44F2-B433-446CF0631450}.Ad-Hoc|Any CPU.ActiveCfg = Debug|Any CPU
		{42090131-A41A-44F2-B433-446CF0631450}.Ad-Hoc|Any CPU.Build.0 = Debug|Any CPU
		{42090131-A41A-44F2-B433-446CF0631450}.Ad-Hoc|Any CPU.Deploy.0 = Debug|Any CPU
		{42090131-A41A-44F2-B433-446CF0631450}.Ad-Hoc|ARM.ActiveCfg = Debug|Any CPU
		{42090131-A41A-44F2-B433-446CF0631450}.Ad-Hoc|ARM.Build.0 = Debug|Any CPU
		{42090131-A41A-44F2-B433-446CF0631450}.Ad-Hoc|ARM.Deploy.0 = Debug|Any CPU
		{42090131-A41A-44F2-B433-446CF0631450}.Ad-Hoc|iPhone.ActiveCfg = Debug|Any CPU
		{42090131-A41A-44F2-B433-446CF0631450}.Ad-Hoc|iPhone.Build.0 = Debug|Any CPU
		{42090131-A41A-44F2-B433-446CF0631450}.Ad-Hoc|iPhone.Deploy.0 = Debug|Any CPU
		{42090131-A41A-44F2-B433-446CF0631450}.Ad-Hoc|iPhoneSimulator.ActiveCfg = Debug|Any CPU
		{42090131-A41A-44F2-B433-446CF0631450}.Ad-Hoc|iPhoneSimulator.Build.0 = Debug|Any CPU
		{42090131-A41A-44F2-B433-446CF0631450}.Ad-Hoc|iPhoneSimulator.Deploy.0 = Debug|Any CPU
		{42090131-A41A-44F2-B433-446CF0631450}.Ad-Hoc|x64.ActiveCfg = Debug|Any CPU
		{42090131-A41A-44F2-B433-446CF0631450}.Ad-Hoc|x64.Build.0 = Debug|Any CPU
		{42090131-A41A-44F2-B433-446CF0631450}.Ad-Hoc|x64.Deploy.0 = Debug|Any CPU
		{42090131-A41A-44F2-B433-446CF0631450}.Ad-Hoc|x86.ActiveCfg = Debug|Any CPU
		{42090131-A41A-44F2-B433-446CF0631450}.Ad-Hoc|x86.Build.0 = Debug|Any CPU
		{42090131-A41A-44F2-B433-446CF0631450}.Ad-Hoc|x86.Deploy.0 = Debug|Any CPU
		{42090131-A41A-44F2-B433-446CF0631450}.AppStore|Any CPU.ActiveCfg = Debug|Any CPU
		{42090131-A41A-44F2-B433-446CF0631450}.AppStore|Any CPU.Build.0 = Debug|Any CPU
		{42090131-A41A-44F2-B433-446CF0631450}.AppStore|Any CPU.Deploy.0 = Debug|Any CPU
		{42090131-A41A-44F2-B433-446CF0631450}.AppStore|ARM.ActiveCfg = Debug|Any CPU
		{42090131-A41A-44F2-B433-446CF0631450}.AppStore|ARM.Build.0 = Debug|Any CPU
		{42090131-A41A-44F2-B433-446CF0631450}.AppStore|ARM.Deploy.0 = Debug|Any CPU
		{42090131-A41A-44F2-B433-446CF0631450}.AppStore|iPhone.ActiveCfg = Debug|Any CPU
		{42090131-A41A-44F2-B433-446CF0631450}.AppStore|iPhone.Build.0 = Debug|Any CPU
		{42090131-A41A-44F2-B433-446CF0631450}.AppStore|iPhone.Deploy.0 = Debug|Any CPU
		{42090131-A41A-44F2-B433-446CF0631450}.AppStore|iPhoneSimulator.ActiveCfg = Debug|Any CPU
		{42090131-A41A-44F2-B433-446CF0631450}.AppStore|iPhoneSimulator.Build.0 = Debug|Any CPU
		{42090131-A41A-44F2-B433-446CF0631450}.AppStore|iPhoneSimulator.Deploy.0 = Debug|Any CPU
		{42090131-A41A-44F2-B433-446CF0631450}.AppStore|x64.ActiveCfg = Debug|Any CPU
		{42090131-A41A-44F2-B433-446CF0631450}.AppStore|x64.Build.0 = Debug|Any CPU
		{42090131-A41A-44F2-B433-446CF0631450}.AppStore|x64.Deploy.0 = Debug|Any CPU
		{42090131-A41A-44F2-B433-446CF0631450}.AppStore|x86.ActiveCfg = Debug|Any CPU
		{42090131-A41A-44F2-B433-446CF0631450}.AppStore|x86.Build.0 = Debug|Any CPU
		{42090131-A41A-44F2-B433-446CF0631450}.AppStore|x86.Deploy.0 = Debug|Any CPU
		{42090131-A41A-44F2-B433-446CF0631450}.Debug|Any CPU.ActiveCfg = Debug|Any CPU
		{42090131-A41A-44F2-B433-446CF0631450}.Debug|Any CPU.Build.0 = Debug|Any CPU
		{42090131-A41A-44F2-B433-446CF0631450}.Debug|Any CPU.Deploy.0 = Debug|Any CPU
		{42090131-A41A-44F2-B433-446CF0631450}.Debug|ARM.ActiveCfg = Debug|Any CPU
		{42090131-A41A-44F2-B433-446CF0631450}.Debug|ARM.Build.0 = Debug|Any CPU
		{42090131-A41A-44F2-B433-446CF0631450}.Debug|ARM.Deploy.0 = Debug|Any CPU
		{42090131-A41A-44F2-B433-446CF0631450}.Debug|iPhone.ActiveCfg = Debug|Any CPU
		{42090131-A41A-44F2-B433-446CF0631450}.Debug|iPhone.Build.0 = Debug|Any CPU
		{42090131-A41A-44F2-B433-446CF0631450}.Debug|iPhone.Deploy.0 = Debug|Any CPU
		{42090131-A41A-44F2-B433-446CF0631450}.Debug|iPhoneSimulator.ActiveCfg = Debug|Any CPU
		{42090131-A41A-44F2-B433-446CF0631450}.Debug|iPhoneSimulator.Build.0 = Debug|Any CPU
		{42090131-A41A-44F2-B433-446CF0631450}.Debug|iPhoneSimulator.Deploy.0 = Debug|Any CPU
		{42090131-A41A-44F2-B433-446CF0631450}.Debug|x64.ActiveCfg = Debug|Any CPU
		{42090131-A41A-44F2-B433-446CF0631450}.Debug|x64.Build.0 = Debug|Any CPU
		{42090131-A41A-44F2-B433-446CF0631450}.Debug|x64.Deploy.0 = Debug|Any CPU
		{42090131-A41A-44F2-B433-446CF0631450}.Debug|x86.ActiveCfg = Debug|Any CPU
		{42090131-A41A-44F2-B433-446CF0631450}.Debug|x86.Build.0 = Debug|Any CPU
		{42090131-A41A-44F2-B433-446CF0631450}.Debug|x86.Deploy.0 = Debug|Any CPU
		{42090131-A41A-44F2-B433-446CF0631450}.Release|Any CPU.ActiveCfg = Release|Any CPU
		{42090131-A41A-44F2-B433-446CF0631450}.Release|Any CPU.Build.0 = Release|Any CPU
		{42090131-A41A-44F2-B433-446CF0631450}.Release|Any CPU.Deploy.0 = Release|Any CPU
		{42090131-A41A-44F2-B433-446CF0631450}.Release|ARM.ActiveCfg = Release|Any CPU
		{42090131-A41A-44F2-B433-446CF0631450}.Release|ARM.Build.0 = Release|Any CPU
		{42090131-A41A-44F2-B433-446CF0631450}.Release|ARM.Deploy.0 = Release|Any CPU
		{42090131-A41A-44F2-B433-446CF0631450}.Release|iPhone.ActiveCfg = Release|Any CPU
		{42090131-A41A-44F2-B433-446CF0631450}.Release|iPhone.Build.0 = Release|Any CPU
		{42090131-A41A-44F2-B433-446CF0631450}.Release|iPhone.Deploy.0 = Release|Any CPU
		{42090131-A41A-44F2-B433-446CF0631450}.Release|iPhoneSimulator.ActiveCfg = Release|Any CPU
		{42090131-A41A-44F2-B433-446CF0631450}.Release|iPhoneSimulator.Build.0 = Release|Any CPU
		{42090131-A41A-44F2-B433-446CF0631450}.Release|iPhoneSimulator.Deploy.0 = Release|Any CPU
		{42090131-A41A-44F2-B433-446CF0631450}.Release|x64.ActiveCfg = Release|Any CPU
		{42090131-A41A-44F2-B433-446CF0631450}.Release|x64.Build.0 = Release|Any CPU
		{42090131-A41A-44F2-B433-446CF0631450}.Release|x64.Deploy.0 = Release|Any CPU
		{42090131-A41A-44F2-B433-446CF0631450}.Release|x86.ActiveCfg = Release|Any CPU
		{42090131-A41A-44F2-B433-446CF0631450}.Release|x86.Build.0 = Release|Any CPU
		{42090131-A41A-44F2-B433-446CF0631450}.Release|x86.Deploy.0 = Release|Any CPU
	EndGlobalSection
	GlobalSection(SolutionProperties) = preSolution
		HideSolutionNode = FALSE
	EndGlobalSection
	GlobalSection(ExtensibilityGlobals) = postSolution
		SolutionGuid = {4B848B9F-374E-458D-9CAC-EACD04DDC56D}
	EndGlobalSection
	GlobalSection(AutomaticVersions) = postSolution
		UpdateAssemblyVersion = True
		UpdateAssemblyFileVersion = False
		UpdateAssemblyInfoVersion = False
		AssemblyVersionSettings = None.IncrementOnDemand.IncrementWithResetOnIncrease.DateStamp
		UpdatePackageVersion = False
		AssemblyInfoVersionType = SettingsVersion
		InheritWinAppVersionFrom = None
	EndGlobalSection
EndGlobal
